
Microsoft Visual Studio Solution File, Format Version 12.00
# Visual Studio Version 16
VisualStudioVersion = 16.0.31205.134
MinimumVisualStudioVersion = 10.0.40219.1
Project("{FAE04EC0-301F-11D3-BF4B-00C04F79EFBC}") = "xadrez_console", "xadrez_console\xadrez_console.csproj", "{7A1ED69B-E1BB-4500-9698-07350AC17F6F}"
EndProject
Global
	GlobalSection(SolutionConfigurationPlatforms) = preSolution
		Debug|Any CPU = Debug|Any CPU
		Release|Any CPU = Release|Any CPU
	EndGlobalSection
	GlobalSection(ProjectConfigurationPlatforms) = postSolution
		{7A1ED69B-E1BB-4500-9698-07350AC17F6F}.Debug|Any CPU.ActiveCfg = Debug|Any CPU
		{7A1ED69B-E1BB-4500-9698-07350AC17F6F}.Debug|Any CPU.Build.0 = Debug|Any CPU
		{7A1ED69B-E1BB-4500-9698-07350AC17F6F}.Release|Any CPU.ActiveCfg = Release|Any CPU
		{7A1ED69B-E1BB-4500-9698-07350AC17F6F}.Release|Any CPU.Build.0 = Release|Any CPU
	EndGlobalSection
	GlobalSection(SolutionProperties) = preSolution
		HideSolutionNode = FALSE
	EndGlobalSection
	GlobalSection(ExtensibilityGlobals) = postSolution
		SolutionGuid = {48D82544-C598-4B97-A8AB-136CFBA122EE}
	EndGlobalSection
EndGlobal
